// !$*UTF8*$!
{
	archiveVersion = 1;
	classes = {
	};
	objectVersion = 56;
	objects = {

/* Begin PBXBuildFile section */
		49CF63822B6F09B5004D0949 /* AppDelegate.swift in Sources */ = {isa = PBXBuildFile; fileRef = 49CF63812B6F09B5004D0949 /* AppDelegate.swift */; };
		49CF63842B6F09B5004D0949 /* SceneDelegate.swift in Sources */ = {isa = PBXBuildFile; fileRef = 49CF63832B6F09B5004D0949 /* SceneDelegate.swift */; };
		49CF63862B6F09B5004D0949 /* CalculatorViewController.swift in Sources */ = {isa = PBXBuildFile; fileRef = 49CF63852B6F09B5004D0949 /* CalculatorViewController.swift */; };
		49CF63892B6F09B5004D0949 /* Main.storyboard in Resources */ = {isa = PBXBuildFile; fileRef = 49CF63872B6F09B5004D0949 /* Main.storyboard */; };
		49CF638B2B6F09B6004D0949 /* Assets.xcassets in Resources */ = {isa = PBXBuildFile; fileRef = 49CF638A2B6F09B6004D0949 /* Assets.xcassets */; };
		49CF638E2B6F09B6004D0949 /* LaunchScreen.storyboard in Resources */ = {isa = PBXBuildFile; fileRef = 49CF638C2B6F09B6004D0949 /* LaunchScreen.storyboard */; };
		49CF63992B6F1BD0004D0949 /* ResultViewController.swift in Sources */ = {isa = PBXBuildFile; fileRef = 49CF63982B6F1BD0004D0949 /* ResultViewController.swift */; };
		49CF639B2B6F1E60004D0949 /* README.md in Resources */ = {isa = PBXBuildFile; fileRef = 49CF639A2B6F1E60004D0949 /* README.md */; };
		49CF64592B82D936004D0949 /* LoginViewController.swift in Sources */ = {isa = PBXBuildFile; fileRef = 49CF64582B82D936004D0949 /* LoginViewController.swift */; };
		49CF645B2B82D942004D0949 /* RegisterViewController.swift in Sources */ = {isa = PBXBuildFile; fileRef = 49CF645A2B82D942004D0949 /* RegisterViewController.swift */; };
		49CF645E2B82DB22004D0949 /* FirebaseAnalytics in Frameworks */ = {isa = PBXBuildFile; productRef = 49CF645D2B82DB22004D0949 /* FirebaseAnalytics */; };
		49CF64602B82DB22004D0949 /* FirebaseAnalyticsOnDeviceConversion in Frameworks */ = {isa = PBXBuildFile; productRef = 49CF645F2B82DB22004D0949 /* FirebaseAnalyticsOnDeviceConversion */; };
		49CF64622B82DB22004D0949 /* FirebaseAnalyticsSwift in Frameworks */ = {isa = PBXBuildFile; productRef = 49CF64612B82DB22004D0949 /* FirebaseAnalyticsSwift */; };
		49CF64642B82DB22004D0949 /* FirebaseAnalyticsWithoutAdIdSupport in Frameworks */ = {isa = PBXBuildFile; productRef = 49CF64632B82DB22004D0949 /* FirebaseAnalyticsWithoutAdIdSupport */; };
		49CF64662B82DB22004D0949 /* FirebaseAppCheck in Frameworks */ = {isa = PBXBuildFile; productRef = 49CF64652B82DB22004D0949 /* FirebaseAppCheck */; };
		49CF64682B82DBF7004D0949 /* GoogleService-Info.plist in Resources */ = {isa = PBXBuildFile; fileRef = 49CF64672B82DBF7004D0949 /* GoogleService-Info.plist */; };
		49CF646B2B82E3C0004D0949 /* FirebaseAuth in Frameworks */ = {isa = PBXBuildFile; productRef = 49CF646A2B82E3C0004D0949 /* FirebaseAuth */; };
		49CF646F2B82F058004D0949 /* Constants.swift in Sources */ = {isa = PBXBuildFile; fileRef = 49CF646E2B82F058004D0949 /* Constants.swift */; };
		49CF647D2B83A5F3004D0949 /* GoogleService-Info.plist_tmp in Resources */ = {isa = PBXBuildFile; fileRef = 49CF647C2B83A5F3004D0949 /* GoogleService-Info.plist_tmp */; };
		49CF64812B9517FE004D0949 /* Friend.swift in Sources */ = {isa = PBXBuildFile; fileRef = 49CF64802B9517FE004D0949 /* Friend.swift */; };
		49CF64842B951C80004D0949 /* FriendCell.swift in Sources */ = {isa = PBXBuildFile; fileRef = 49CF64822B951C80004D0949 /* FriendCell.swift */; };
		49CF64852B951C80004D0949 /* FriendCell.xib in Resources */ = {isa = PBXBuildFile; fileRef = 49CF64832B951C80004D0949 /* FriendCell.xib */; };
/* End PBXBuildFile section */

/* Begin PBXFileReference section */
		49CF637E2B6F09B5004D0949 /* FriendsBill-iOS16.6.app */ = {isa = PBXFileReference; explicitFileType = wrapper.application; includeInIndex = 0; path = "FriendsBill-iOS16.6.app"; sourceTree = BUILT_PRODUCTS_DIR; };
		49CF63812B6F09B5004D0949 /* AppDelegate.swift */ = {isa = PBXFileReference; lastKnownFileType = sourcecode.swift; path = AppDelegate.swift; sourceTree = "<group>"; };
		49CF63832B6F09B5004D0949 /* SceneDelegate.swift */ = {isa = PBXFileReference; lastKnownFileType = sourcecode.swift; path = SceneDelegate.swift; sourceTree = "<group>"; };
		49CF63852B6F09B5004D0949 /* CalculatorViewController.swift */ = {isa = PBXFileReference; lastKnownFileType = sourcecode.swift; path = CalculatorViewController.swift; sourceTree = "<group>"; };
		49CF63882B6F09B5004D0949 /* Base */ = {isa = PBXFileReference; lastKnownFileType = file.storyboard; name = Base; path = Base.lproj/Main.storyboard; sourceTree = "<group>"; };
		49CF638A2B6F09B6004D0949 /* Assets.xcassets */ = {isa = PBXFileReference; lastKnownFileType = folder.assetcatalog; path = Assets.xcassets; sourceTree = "<group>"; };
		49CF638D2B6F09B6004D0949 /* Base */ = {isa = PBXFileReference; lastKnownFileType = file.storyboard; name = Base; path = Base.lproj/LaunchScreen.storyboard; sourceTree = "<group>"; };
		49CF638F2B6F09B6004D0949 /* Info.plist */ = {isa = PBXFileReference; lastKnownFileType = text.plist.xml; path = Info.plist; sourceTree = "<group>"; };
		49CF63982B6F1BD0004D0949 /* ResultViewController.swift */ = {isa = PBXFileReference; lastKnownFileType = sourcecode.swift; path = ResultViewController.swift; sourceTree = "<group>"; };
		49CF639A2B6F1E60004D0949 /* README.md */ = {isa = PBXFileReference; lastKnownFileType = net.daringfireball.markdown; path = README.md; sourceTree = "<group>"; };
		49CF64582B82D936004D0949 /* LoginViewController.swift */ = {isa = PBXFileReference; lastKnownFileType = sourcecode.swift; path = LoginViewController.swift; sourceTree = "<group>"; };
		49CF645A2B82D942004D0949 /* RegisterViewController.swift */ = {isa = PBXFileReference; lastKnownFileType = sourcecode.swift; path = RegisterViewController.swift; sourceTree = "<group>"; };
		49CF64672B82DBF7004D0949 /* GoogleService-Info.plist */ = {isa = PBXFileReference; lastKnownFileType = text.plist.xml; name = "GoogleService-Info.plist"; path = "FriendsBill-iOS16.6/GoogleService-Info.plist"; sourceTree = SOURCE_ROOT; };
		49CF646E2B82F058004D0949 /* Constants.swift */ = {isa = PBXFileReference; lastKnownFileType = sourcecode.swift; path = Constants.swift; sourceTree = "<group>"; };
		49CF647C2B83A5F3004D0949 /* GoogleService-Info.plist_tmp */ = {isa = PBXFileReference; lastKnownFileType = text; path = "GoogleService-Info.plist_tmp"; sourceTree = "<group>"; };
		49CF64802B9517FE004D0949 /* Friend.swift */ = {isa = PBXFileReference; lastKnownFileType = sourcecode.swift; path = Friend.swift; sourceTree = "<group>"; };
		49CF64822B951C80004D0949 /* FriendCell.swift */ = {isa = PBXFileReference; lastKnownFileType = sourcecode.swift; path = FriendCell.swift; sourceTree = "<group>"; };
		49CF64832B951C80004D0949 /* FriendCell.xib */ = {isa = PBXFileReference; lastKnownFileType = file.xib; path = FriendCell.xib; sourceTree = "<group>"; };
/* End PBXFileReference section */

/* Begin PBXFrameworksBuildPhase section */
		49CF637B2B6F09B5004D0949 /* Frameworks */ = {
			isa = PBXFrameworksBuildPhase;
			buildActionMask = 2147483647;
			files = (
				49CF64622B82DB22004D0949 /* FirebaseAnalyticsSwift in Frameworks */,
				49CF646B2B82E3C0004D0949 /* FirebaseAuth in Frameworks */,
				49CF645E2B82DB22004D0949 /* FirebaseAnalytics in Frameworks */,
				49CF64602B82DB22004D0949 /* FirebaseAnalyticsOnDeviceConversion in Frameworks */,
				49CF64662B82DB22004D0949 /* FirebaseAppCheck in Frameworks */,
				49CF64642B82DB22004D0949 /* FirebaseAnalyticsWithoutAdIdSupport in Frameworks */,
			);
			runOnlyForDeploymentPostprocessing = 0;
		};
/* End PBXFrameworksBuildPhase section */

/* Begin PBXGroup section */
		49CF63752B6F09B5004D0949 = {
			isa = PBXGroup;
			children = (
				49CF639A2B6F1E60004D0949 /* README.md */,
				49CF63802B6F09B5004D0949 /* FriendsBill-iOS16.6 */,
				49CF637F2B6F09B5004D0949 /* Products */,
				49CF64692B82E3C0004D0949 /* Frameworks */,
			);
			sourceTree = "<group>";
		};
		49CF637F2B6F09B5004D0949 /* Products */ = {
			isa = PBXGroup;
			children = (
				49CF637E2B6F09B5004D0949 /* FriendsBill-iOS16.6.app */,
			);
			name = Products;
			sourceTree = "<group>";
		};
		49CF63802B6F09B5004D0949 /* FriendsBill-iOS16.6 */ = {
			isa = PBXGroup;
			children = (
				49CF63812B6F09B5004D0949 /* AppDelegate.swift */,
				49CF63832B6F09B5004D0949 /* SceneDelegate.swift */,
				49CF63962B6F09E8004D0949 /* View */,
				49CF63952B6F09D9004D0949 /* Model */,
				49CF63972B6F09F1004D0949 /* Controller */,
				49CF638A2B6F09B6004D0949 /* Assets.xcassets */,
				49CF638C2B6F09B6004D0949 /* LaunchScreen.storyboard */,
				49CF638F2B6F09B6004D0949 /* Info.plist */,
				49CF64672B82DBF7004D0949 /* GoogleService-Info.plist */,
				49CF646E2B82F058004D0949 /* Constants.swift */,
				49CF647C2B83A5F3004D0949 /* GoogleService-Info.plist_tmp */,
			);
			path = "FriendsBill-iOS16.6";
			sourceTree = "<group>";
		};
		49CF63952B6F09D9004D0949 /* Model */ = {
			isa = PBXGroup;
			children = (
				49CF64802B9517FE004D0949 /* Friend.swift */,
			);
			path = Model;
			sourceTree = "<group>";
		};
		49CF63962B6F09E8004D0949 /* View */ = {
			isa = PBXGroup;
			children = (
				49CF63872B6F09B5004D0949 /* Main.storyboard */,
				49CF64822B951C80004D0949 /* FriendCell.swift */,
				49CF64832B951C80004D0949 /* FriendCell.xib */,
			);
			path = View;
			sourceTree = "<group>";
		};
		49CF63972B6F09F1004D0949 /* Controller */ = {
			isa = PBXGroup;
			children = (
				49CF63852B6F09B5004D0949 /* CalculatorViewController.swift */,
				49CF63982B6F1BD0004D0949 /* ResultViewController.swift */,
				49CF64582B82D936004D0949 /* LoginViewController.swift */,
				49CF645A2B82D942004D0949 /* RegisterViewController.swift */,
			);
			path = Controller;
			sourceTree = "<group>";
		};
		49CF64692B82E3C0004D0949 /* Frameworks */ = {
			isa = PBXGroup;
			children = (
			);
			name = Frameworks;
			sourceTree = "<group>";
		};
/* End PBXGroup section */

/* Begin PBXNativeTarget section */
		49CF637D2B6F09B5004D0949 /* FriendsBill-iOS16.6 */ = {
			isa = PBXNativeTarget;
			buildConfigurationList = 49CF63922B6F09B6004D0949 /* Build configuration list for PBXNativeTarget "FriendsBill-iOS16.6" */;
			buildPhases = (
				49CF637A2B6F09B5004D0949 /* Sources */,
				49CF637B2B6F09B5004D0949 /* Frameworks */,
				49CF637C2B6F09B5004D0949 /* Resources */,
			);
			buildRules = (
			);
			dependencies = (
			);
			name = "FriendsBill-iOS16.6";
			packageProductDependencies = (
				49CF645D2B82DB22004D0949 /* FirebaseAnalytics */,
				49CF645F2B82DB22004D0949 /* FirebaseAnalyticsOnDeviceConversion */,
				49CF64612B82DB22004D0949 /* FirebaseAnalyticsSwift */,
				49CF64632B82DB22004D0949 /* FirebaseAnalyticsWithoutAdIdSupport */,
				49CF64652B82DB22004D0949 /* FirebaseAppCheck */,
				49CF646A2B82E3C0004D0949 /* FirebaseAuth */,
			);
			productName = "FriendsBill-iOS16.6";
			productReference = 49CF637E2B6F09B5004D0949 /* FriendsBill-iOS16.6.app */;
			productType = "com.apple.product-type.application";
		};
/* End PBXNativeTarget section */

/* Begin PBXProject section */
		49CF63762B6F09B5004D0949 /* Project object */ = {
			isa = PBXProject;
			attributes = {
				BuildIndependentTargetsInParallel = 1;
				LastSwiftUpdateCheck = 1500;
				LastUpgradeCheck = 1500;
				TargetAttributes = {
					49CF637D2B6F09B5004D0949 = {
						CreatedOnToolsVersion = 15.0.1;
					};
				};
			};
			buildConfigurationList = 49CF63792B6F09B5004D0949 /* Build configuration list for PBXProject "FriendsBill-iOS16.6" */;
			compatibilityVersion = "Xcode 14.0";
			developmentRegion = en;
			hasScannedForEncodings = 0;
			knownRegions = (
				en,
				Base,
			);
			mainGroup = 49CF63752B6F09B5004D0949;
			packageReferences = (
				49CF645C2B82DB22004D0949 /* XCRemoteSwiftPackageReference "firebase-ios-sdk" */,
			);
			productRefGroup = 49CF637F2B6F09B5004D0949 /* Products */;
			projectDirPath = "";
			projectRoot = "";
			targets = (
				49CF637D2B6F09B5004D0949 /* FriendsBill-iOS16.6 */,
			);
		};
/* End PBXProject section */

/* Begin PBXResourcesBuildPhase section */
		49CF637C2B6F09B5004D0949 /* Resources */ = {
			isa = PBXResourcesBuildPhase;
			buildActionMask = 2147483647;
			files = (
				49CF638E2B6F09B6004D0949 /* LaunchScreen.storyboard in Resources */,
				49CF647D2B83A5F3004D0949 /* GoogleService-Info.plist_tmp in Resources */,
				49CF638B2B6F09B6004D0949 /* Assets.xcassets in Resources */,
				49CF64852B951C80004D0949 /* FriendCell.xib in Resources */,
				49CF64682B82DBF7004D0949 /* GoogleService-Info.plist in Resources */,
				49CF639B2B6F1E60004D0949 /* README.md in Resources */,
				49CF63892B6F09B5004D0949 /* Main.storyboard in Resources */,
			);
			runOnlyForDeploymentPostprocessing = 0;
		};
/* End PBXResourcesBuildPhase section */

/* Begin PBXSourcesBuildPhase section */
		49CF637A2B6F09B5004D0949 /* Sources */ = {
			isa = PBXSourcesBuildPhase;
			buildActionMask = 2147483647;
			files = (
				49CF63862B6F09B5004D0949 /* CalculatorViewController.swift in Sources */,
				49CF63822B6F09B5004D0949 /* AppDelegate.swift in Sources */,
				49CF63842B6F09B5004D0949 /* SceneDelegate.swift in Sources */,
				49CF645B2B82D942004D0949 /* RegisterViewController.swift in Sources */,
				49CF64842B951C80004D0949 /* FriendCell.swift in Sources */,
				49CF646F2B82F058004D0949 /* Constants.swift in Sources */,
				49CF64592B82D936004D0949 /* LoginViewController.swift in Sources */,
				49CF63992B6F1BD0004D0949 /* ResultViewController.swift in Sources */,
				49CF64812B9517FE004D0949 /* Friend.swift in Sources */,
			);
			runOnlyForDeploymentPostprocessing = 0;
		};
/* End PBXSourcesBuildPhase section */

/* Begin PBXVariantGroup section */
		49CF63872B6F09B5004D0949 /* Main.storyboard */ = {
			isa = PBXVariantGroup;
			children = (
				49CF63882B6F09B5004D0949 /* Base */,
			);
			name = Main.storyboard;
			sourceTree = "<group>";
		};
		49CF638C2B6F09B6004D0949 /* LaunchScreen.storyboard */ = {
			isa = PBXVariantGroup;
			children = (
				49CF638D2B6F09B6004D0949 /* Base */,
			);
			name = LaunchScreen.storyboard;
			sourceTree = "<group>";
		};
/* End PBXVariantGroup section */

/* Begin XCBuildConfiguration section */
		49CF63902B6F09B6004D0949 /* Debug */ = {
			isa = XCBuildConfiguration;
			buildSettings = {
				ALWAYS_SEARCH_USER_PATHS = NO;
				ASSETCATALOG_COMPILER_GENERATE_SWIFT_ASSET_SYMBOL_EXTENSIONS = YES;
				CLANG_ANALYZER_NONNULL = YES;
				CLANG_ANALYZER_NUMBER_OBJECT_CONVERSION = YES_AGGRESSIVE;
				CLANG_CXX_LANGUAGE_STANDARD = "gnu++20";
				CLANG_ENABLE_MODULES = YES;
				CLANG_ENABLE_OBJC_ARC = YES;
				CLANG_ENABLE_OBJC_WEAK = YES;
				CLANG_WARN_BLOCK_CAPTURE_AUTORELEASING = YES;
				CLANG_WARN_BOOL_CONVERSION = YES;
				CLANG_WARN_COMMA = YES;
				CLANG_WARN_CONSTANT_CONVERSION = YES;
				CLANG_WARN_DEPRECATED_OBJC_IMPLEMENTATIONS = YES;
				CLANG_WARN_DIRECT_OBJC_ISA_USAGE = YES_ERROR;
				CLANG_WARN_DOCUMENTATION_COMMENTS = YES;
				CLANG_WARN_EMPTY_BODY = YES;
				CLANG_WARN_ENUM_CONVERSION = YES;
				CLANG_WARN_INFINITE_RECURSION = YES;
				CLANG_WARN_INT_CONVERSION = YES;
				CLANG_WARN_NON_LITERAL_NULL_CONVERSION = YES;
				CLANG_WARN_OBJC_IMPLICIT_RETAIN_SELF = YES;
				CLANG_WARN_OBJC_LITERAL_CONVERSION = YES;
				CLANG_WARN_OBJC_ROOT_CLASS = YES_ERROR;
				CLANG_WARN_QUOTED_INCLUDE_IN_FRAMEWORK_HEADER = YES;
				CLANG_WARN_RANGE_LOOP_ANALYSIS = YES;
				CLANG_WARN_STRICT_PROTOTYPES = YES;
				CLANG_WARN_SUSPICIOUS_MOVE = YES;
				CLANG_WARN_UNGUARDED_AVAILABILITY = YES_AGGRESSIVE;
				CLANG_WARN_UNREACHABLE_CODE = YES;
				CLANG_WARN__DUPLICATE_METHOD_MATCH = YES;
				COPY_PHASE_STRIP = NO;
				DEBUG_INFORMATION_FORMAT = dwarf;
				ENABLE_STRICT_OBJC_MSGSEND = YES;
				ENABLE_TESTABILITY = YES;
				ENABLE_USER_SCRIPT_SANDBOXING = YES;
				GCC_C_LANGUAGE_STANDARD = gnu17;
				GCC_DYNAMIC_NO_PIC = NO;
				GCC_NO_COMMON_BLOCKS = YES;
				GCC_OPTIMIZATION_LEVEL = 0;
				GCC_PREPROCESSOR_DEFINITIONS = (
					"DEBUG=1",
					"$(inherited)",
				);
				GCC_WARN_64_TO_32_BIT_CONVERSION = YES;
				GCC_WARN_ABOUT_RETURN_TYPE = YES_ERROR;
				GCC_WARN_UNDECLARED_SELECTOR = YES;
				GCC_WARN_UNINITIALIZED_AUTOS = YES_AGGRESSIVE;
				GCC_WARN_UNUSED_FUNCTION = YES;
				GCC_WARN_UNUSED_VARIABLE = YES;
				IPHONEOS_DEPLOYMENT_TARGET = 17.0;
				LOCALIZATION_PREFERS_STRING_CATALOGS = YES;
				MTL_ENABLE_DEBUG_INFO = INCLUDE_SOURCE;
				MTL_FAST_MATH = YES;
				ONLY_ACTIVE_ARCH = YES;
				SDKROOT = iphoneos;
				SWIFT_ACTIVE_COMPILATION_CONDITIONS = "DEBUG $(inherited)";
				SWIFT_OPTIMIZATION_LEVEL = "-Onone";
			};
			name = Debug;
		};
		49CF63912B6F09B6004D0949 /* Release */ = {
			isa = XCBuildConfiguration;
			buildSettings = {
				ALWAYS_SEARCH_USER_PATHS = NO;
				ASSETCATALOG_COMPILER_GENERATE_SWIFT_ASSET_SYMBOL_EXTENSIONS = YES;
				CLANG_ANALYZER_NONNULL = YES;
				CLANG_ANALYZER_NUMBER_OBJECT_CONVERSION = YES_AGGRESSIVE;
				CLANG_CXX_LANGUAGE_STANDARD = "gnu++20";
				CLANG_ENABLE_MODULES = YES;
				CLANG_ENABLE_OBJC_ARC = YES;
				CLANG_ENABLE_OBJC_WEAK = YES;
				CLANG_WARN_BLOCK_CAPTURE_AUTORELEASING = YES;
				CLANG_WARN_BOOL_CONVERSION = YES;
				CLANG_WARN_COMMA = YES;
				CLANG_WARN_CONSTANT_CONVERSION = YES;
				CLANG_WARN_DEPRECATED_OBJC_IMPLEMENTATIONS = YES;
				CLANG_WARN_DIRECT_OBJC_ISA_USAGE = YES_ERROR;
				CLANG_WARN_DOCUMENTATION_COMMENTS = YES;
				CLANG_WARN_EMPTY_BODY = YES;
				CLANG_WARN_ENUM_CONVERSION = YES;
				CLANG_WARN_INFINITE_RECURSION = YES;
				CLANG_WARN_INT_CONVERSION = YES;
				CLANG_WARN_NON_LITERAL_NULL_CONVERSION = YES;
				CLANG_WARN_OBJC_IMPLICIT_RETAIN_SELF = YES;
				CLANG_WARN_OBJC_LITERAL_CONVERSION = YES;
				CLANG_WARN_OBJC_ROOT_CLASS = YES_ERROR;
				CLANG_WARN_QUOTED_INCLUDE_IN_FRAMEWORK_HEADER = YES;
				CLANG_WARN_RANGE_LOOP_ANALYSIS = YES;
				CLANG_WARN_STRICT_PROTOTYPES = YES;
				CLANG_WARN_SUSPICIOUS_MOVE = YES;
				CLANG_WARN_UNGUARDED_AVAILABILITY = YES_AGGRESSIVE;
				CLANG_WARN_UNREACHABLE_CODE = YES;
				CLANG_WARN__DUPLICATE_METHOD_MATCH = YES;
				COPY_PHASE_STRIP = NO;
				DEBUG_INFORMATION_FORMAT = "dwarf-with-dsym";
				ENABLE_NS_ASSERTIONS = NO;
				ENABLE_STRICT_OBJC_MSGSEND = YES;
				ENABLE_USER_SCRIPT_SANDBOXING = YES;
				GCC_C_LANGUAGE_STANDARD = gnu17;
				GCC_NO_COMMON_BLOCKS = YES;
				GCC_WARN_64_TO_32_BIT_CONVERSION = YES;
				GCC_WARN_ABOUT_RETURN_TYPE = YES_ERROR;
				GCC_WARN_UNDECLARED_SELECTOR = YES;
				GCC_WARN_UNINITIALIZED_AUTOS = YES_AGGRESSIVE;
				GCC_WARN_UNUSED_FUNCTION = YES;
				GCC_WARN_UNUSED_VARIABLE = YES;
				IPHONEOS_DEPLOYMENT_TARGET = 17.0;
				LOCALIZATION_PREFERS_STRING_CATALOGS = YES;
				MTL_ENABLE_DEBUG_INFO = NO;
				MTL_FAST_MATH = YES;
				SDKROOT = iphoneos;
				SWIFT_COMPILATION_MODE = wholemodule;
				VALIDATE_PRODUCT = YES;
			};
			name = Release;
		};
		49CF63932B6F09B6004D0949 /* Debug */ = {
			isa = XCBuildConfiguration;
			buildSettings = {
				ASSETCATALOG_COMPILER_APPICON_NAME = AppIcon;
				ASSETCATALOG_COMPILER_GLOBAL_ACCENT_COLOR_NAME = AccentColor;
				CODE_SIGN_STYLE = Automatic;
				CURRENT_PROJECT_VERSION = 1;
				DEVELOPMENT_TEAM = ND34MX474U;
				GENERATE_INFOPLIST_FILE = YES;
				INFOPLIST_FILE = "FriendsBill-iOS16.6/Info.plist";
				INFOPLIST_KEY_UIApplicationSupportsIndirectInputEvents = YES;
				INFOPLIST_KEY_UILaunchStoryboardName = LaunchScreen;
				INFOPLIST_KEY_UIMainStoryboardFile = Main;
				INFOPLIST_KEY_UISupportedInterfaceOrientations_iPad = "UIInterfaceOrientationPortrait UIInterfaceOrientationPortraitUpsideDown UIInterfaceOrientationLandscapeLeft UIInterfaceOrientationLandscapeRight";
				INFOPLIST_KEY_UISupportedInterfaceOrientations_iPhone = "UIInterfaceOrientationPortrait UIInterfaceOrientationLandscapeLeft UIInterfaceOrientationLandscapeRight";
				IPHONEOS_DEPLOYMENT_TARGET = 16.5;
				LD_RUNPATH_SEARCH_PATHS = (
					"$(inherited)",
					"@executable_path/Frameworks",
				);
				MARKETING_VERSION = 1.0;
				PRODUCT_BUNDLE_IDENTIFIER = "mx.noname.FriendsBill-iOS16-6";
				PRODUCT_NAME = "$(TARGET_NAME)";
				SWIFT_EMIT_LOC_STRINGS = YES;
				SWIFT_VERSION = 5.0;
				TARGETED_DEVICE_FAMILY = "1,2";
			};
			name = Debug;
		};
		49CF63942B6F09B6004D0949 /* Release */ = {
			isa = XCBuildConfiguration;
			buildSettings = {
				ASSETCATALOG_COMPILER_APPICON_NAME = AppIcon;
				ASSETCATALOG_COMPILER_GLOBAL_ACCENT_COLOR_NAME = AccentColor;
				CODE_SIGN_STYLE = Automatic;
				CURRENT_PROJECT_VERSION = 1;
				DEVELOPMENT_TEAM = ND34MX474U;
				GENERATE_INFOPLIST_FILE = YES;
				INFOPLIST_FILE = "FriendsBill-iOS16.6/Info.plist";
				INFOPLIST_KEY_UIApplicationSupportsIndirectInputEvents = YES;
				INFOPLIST_KEY_UILaunchStoryboardName = LaunchScreen;
				INFOPLIST_KEY_UIMainStoryboardFile = Main;
				INFOPLIST_KEY_UISupportedInterfaceOrientations_iPad = "UIInterfaceOrientationPortrait UIInterfaceOrientationPortraitUpsideDown UIInterfaceOrientationLandscapeLeft UIInterfaceOrientationLandscapeRight";
				INFOPLIST_KEY_UISupportedInterfaceOrientations_iPhone = "UIInterfaceOrientationPortrait UIInterfaceOrientationLandscapeLeft UIInterfaceOrientationLandscapeRight";
				IPHONEOS_DEPLOYMENT_TARGET = 16.5;
				LD_RUNPATH_SEARCH_PATHS = (
					"$(inherited)",
					"@executable_path/Frameworks",
				);
				MARKETING_VERSION = 1.0;
				PRODUCT_BUNDLE_IDENTIFIER = "mx.noname.FriendsBill-iOS16-6";
				PRODUCT_NAME = "$(TARGET_NAME)";
				SWIFT_EMIT_LOC_STRINGS = YES;
				SWIFT_VERSION = 5.0;
				TARGETED_DEVICE_FAMILY = "1,2";
			};
			name = Release;
		};
/* End XCBuildConfiguration section */

/* Begin XCConfigurationList section */
		49CF63792B6F09B5004D0949 /* Build configuration list for PBXProject "FriendsBill-iOS16.6" */ = {
			isa = XCConfigurationList;
			buildConfigurations = (
				49CF63902B6F09B6004D0949 /* Debug */,
				49CF63912B6F09B6004D0949 /* Release */,
			);
			defaultConfigurationIsVisible = 0;
			defaultConfigurationName = Release;
		};
		49CF63922B6F09B6004D0949 /* Build configuration list for PBXNativeTarget "FriendsBill-iOS16.6" */ = {
			isa = XCConfigurationList;
			buildConfigurations = (
				49CF63932B6F09B6004D0949 /* Debug */,
				49CF63942B6F09B6004D0949 /* Release */,
			);
			defaultConfigurationIsVisible = 0;
			defaultConfigurationName = Release;
		};
/* End XCConfigurationList section */

/* Begin XCRemoteSwiftPackageReference section */
		49CF645C2B82DB22004D0949 /* XCRemoteSwiftPackageReference "firebase-ios-sdk" */ = {
			isa = XCRemoteSwiftPackageReference;
			repositoryURL = "https://github.com/firebase/firebase-ios-sdk";
			requirement = {
				kind = upToNextMajorVersion;
				minimumVersion = 10.21.0;
			};
		};
/* End XCRemoteSwiftPackageReference section */

/* Begin XCSwiftPackageProductDependency section */
		49CF645D2B82DB22004D0949 /* FirebaseAnalytics */ = {
			isa = XCSwiftPackageProductDependency;
			package = 49CF645C2B82DB22004D0949 /* XCRemoteSwiftPackageReference "firebase-ios-sdk" */;
			productName = FirebaseAnalytics;
		};
		49CF645F2B82DB22004D0949 /* FirebaseAnalyticsOnDeviceConversion */ = {
			isa = XCSwiftPackageProductDependency;
			package = 49CF645C2B82DB22004D0949 /* XCRemoteSwiftPackageReference "firebase-ios-sdk" */;
			productName = FirebaseAnalyticsOnDeviceConversion;
		};
		49CF64612B82DB22004D0949 /* FirebaseAnalyticsSwift */ = {
			isa = XCSwiftPackageProductDependency;
			package = 49CF645C2B82DB22004D0949 /* XCRemoteSwiftPackageReference "firebase-ios-sdk" */;
			productName = FirebaseAnalyticsSwift;
		};
		49CF64632B82DB22004D0949 /* FirebaseAnalyticsWithoutAdIdSupport */ = {
			isa = XCSwiftPackageProductDependency;
			package = 49CF645C2B82DB22004D0949 /* XCRemoteSwiftPackageReference "firebase-ios-sdk" */;
			productName = FirebaseAnalyticsWithoutAdIdSupport;
		};
		49CF64652B82DB22004D0949 /* FirebaseAppCheck */ = {
			isa = XCSwiftPackageProductDependency;
			package = 49CF645C2B82DB22004D0949 /* XCRemoteSwiftPackageReference "firebase-ios-sdk" */;
			productName = FirebaseAppCheck;
		};
		49CF646A2B82E3C0004D0949 /* FirebaseAuth */ = {
			isa = XCSwiftPackageProductDependency;
			package = 49CF645C2B82DB22004D0949 /* XCRemoteSwiftPackageReference "firebase-ios-sdk" */;
			productName = FirebaseAuth;
		};
/* End XCSwiftPackageProductDependency section */
	};
	rootObject = 49CF63762B6F09B5004D0949 /* Project object */;
}
